// !$*UTF8*$!
{
	archiveVersion = 1;
	classes = {
	};
	objectVersion = 46;
	objects = {

/* Begin PBXBuildFile section */
		C92728BB15605E120076E0CE /* UIKit.framework in Frameworks */ = {isa = PBXBuildFile; fileRef = C92728BA15605E120076E0CE /* UIKit.framework */; };
		C92728BD15605E120076E0CE /* Foundation.framework in Frameworks */ = {isa = PBXBuildFile; fileRef = C92728BC15605E120076E0CE /* Foundation.framework */; };
		C92728BF15605E120076E0CE /* CoreGraphics.framework in Frameworks */ = {isa = PBXBuildFile; fileRef = C92728BE15605E120076E0CE /* CoreGraphics.framework */; };
		C92728C515605E130076E0CE /* InfoPlist.strings in Resources */ = {isa = PBXBuildFile; fileRef = C92728C315605E130076E0CE /* InfoPlist.strings */; };
		C92728C715605E130076E0CE /* main.m in Sources */ = {isa = PBXBuildFile; fileRef = C92728C615605E130076E0CE /* main.m */; };
		C92728CB15605E130076E0CE /* BIOAppDelegate.m in Sources */ = {isa = PBXBuildFile; fileRef = C92728CA15605E130076E0CE /* BIOAppDelegate.m */; };
		C92728CE15605E130076E0CE /* MainStoryboard_iPhone.storyboard in Resources */ = {isa = PBXBuildFile; fileRef = C92728CC15605E130076E0CE /* MainStoryboard_iPhone.storyboard */; };
		C92728D115605E130076E0CE /* MainStoryboard_iPad.storyboard in Resources */ = {isa = PBXBuildFile; fileRef = C92728CF15605E130076E0CE /* MainStoryboard_iPad.storyboard */; };
		C92728D415605E130076E0CE /* BIOWeekViewController.m in Sources */ = {isa = PBXBuildFile; fileRef = C92728D315605E130076E0CE /* BIOWeekViewController.m */; };
		C959233216988AEE008C99CE /* BIODay.m in Sources */ = {isa = PBXBuildFile; fileRef = C959233116988AED008C99CE /* BIODay.m */; };
		C959233516989B9D008C99CE /* BIOTrackCollection.m in Sources */ = {isa = PBXBuildFile; fileRef = C959233416989B9D008C99CE /* BIOTrackCollection.m */; };
		C9878CD117543E1E00DF7777 /* libOAuth2Client.a in Frameworks */ = {isa = PBXBuildFile; fileRef = C9878CCC17543D8100DF7777 /* libOAuth2Client.a */; };
		C9878CD217543E3B00DF7777 /* libSoundCloudAPI.a in Frameworks */ = {isa = PBXBuildFile; fileRef = C9878CC317543D5500DF7777 /* libSoundCloudAPI.a */; };
		C9878CF11754421700DF7777 /* libJSONKit.a in Frameworks */ = {isa = PBXBuildFile; fileRef = C9878CE8175441DD00DF7777 /* libJSONKit.a */; };
		C9878CF21754422100DF7777 /* libOHAttributedLabel.a in Frameworks */ = {isa = PBXBuildFile; fileRef = C9878CE1175441CE00DF7777 /* libOHAttributedLabel.a */; };
		C9878CF31754422900DF7777 /* libSoundCloudUI.a in Frameworks */ = {isa = PBXBuildFile; fileRef = C9878CD9175441C000DF7777 /* libSoundCloudUI.a */; };
		C9878CFA1754424900DF7777 /* AddressBook.framework in Frameworks */ = {isa = PBXBuildFile; fileRef = C9878CF41754424900DF7777 /* AddressBook.framework */; };
		C9878CFB1754424900DF7777 /* AddressBookUI.framework in Frameworks */ = {isa = PBXBuildFile; fileRef = C9878CF51754424900DF7777 /* AddressBookUI.framework */; };
		C9878CFC1754424900DF7777 /* CoreLocation.framework in Frameworks */ = {isa = PBXBuildFile; fileRef = C9878CF61754424900DF7777 /* CoreLocation.framework */; };
		C9878CFD1754424900DF7777 /* CoreText.framework in Frameworks */ = {isa = PBXBuildFile; fileRef = C9878CF71754424900DF7777 /* CoreText.framework */; };
		C9878CFE1754424900DF7777 /* QuartzCore.framework in Frameworks */ = {isa = PBXBuildFile; fileRef = C9878CF81754424900DF7777 /* QuartzCore.framework */; };
		C9878CFF1754424900DF7777 /* Security.framework in Frameworks */ = {isa = PBXBuildFile; fileRef = C9878CF91754424900DF7777 /* Security.framework */; };
		C9878D05175443DE00DF7777 /* BIOSoundCloudTrack.m in Sources */ = {isa = PBXBuildFile; fileRef = C9878D04175443DE00DF7777 /* BIOSoundCloudTrack.m */; };
		C98839501714FB7600C2E5A1 /* BIOTrackDownloader.m in Sources */ = {isa = PBXBuildFile; fileRef = C988394F1714FB7600C2E5A1 /* BIOTrackDownloader.m */; };
		C9DAACF516628C760060CDCA /* MWFeedInfo.m in Sources */ = {isa = PBXBuildFile; fileRef = C9DAACEF16628C760060CDCA /* MWFeedInfo.m */; };
		C9DAACF616628C760060CDCA /* MWFeedItem.m in Sources */ = {isa = PBXBuildFile; fileRef = C9DAACF116628C760060CDCA /* MWFeedItem.m */; };
		C9DAACF716628C760060CDCA /* MWFeedParser.m in Sources */ = {isa = PBXBuildFile; fileRef = C9DAACF416628C760060CDCA /* MWFeedParser.m */; };
		C9DAACFE16628CB20060CDCA /* GTMNSString+HTML.m in Sources */ = {isa = PBXBuildFile; fileRef = C9DAACF916628CB20060CDCA /* GTMNSString+HTML.m */; };
		C9DAACFF16628CB20060CDCA /* NSDate+InternetDateTime.m in Sources */ = {isa = PBXBuildFile; fileRef = C9DAACFB16628CB20060CDCA /* NSDate+InternetDateTime.m */; };
		C9DAAD0016628CB20060CDCA /* NSString+HTML.m in Sources */ = {isa = PBXBuildFile; fileRef = C9DAACFD16628CB20060CDCA /* NSString+HTML.m */; };
		C9DAAD0316628CE90060CDCA /* NSString+XMLEntities.m in Sources */ = {isa = PBXBuildFile; fileRef = C9DAAD0216628CE90060CDCA /* NSString+XMLEntities.m */; };
		C9EAF6B216F639440055BA04 /* TFHpple.m in Sources */ = {isa = PBXBuildFile; fileRef = C9EAF6AF16F639440055BA04 /* TFHpple.m */; };
		C9EAF6B316F639440055BA04 /* TFHppleElement.m in Sources */ = {isa = PBXBuildFile; fileRef = C9EAF6B116F639440055BA04 /* TFHppleElement.m */; };
		C9EAF6B616F639600055BA04 /* XPathQuery.m in Sources */ = {isa = PBXBuildFile; fileRef = C9EAF6B516F639600055BA04 /* XPathQuery.m */; };
		C9EAF6B816F639E60055BA04 /* libxml2.dylib in Frameworks */ = {isa = PBXBuildFile; fileRef = C9EAF6B716F639E60055BA04 /* libxml2.dylib */; };
		C9F3DA8016E81F4200F15D06 /* BIODayViewController.m in Sources */ = {isa = PBXBuildFile; fileRef = C9F3DA7F16E81F4200F15D06 /* BIODayViewController.m */; };
		C9FFB8A11662A9450072CCB6 /* BIOAddFeedViewController.m in Sources */ = {isa = PBXBuildFile; fileRef = C9FFB8A01662A9450072CCB6 /* BIOAddFeedViewController.m */; };
		C9FFB8A51662B0D80072CCB6 /* BIOFeedCollection.m in Sources */ = {isa = PBXBuildFile; fileRef = C9FFB8A41662B0D80072CCB6 /* BIOFeedCollection.m */; };
		C9FFB8A81662B2080072CCB6 /* BIOFeed.m in Sources */ = {isa = PBXBuildFile; fileRef = C9FFB8A71662B2070072CCB6 /* BIOFeed.m */; };
/* End PBXBuildFile section */

/* Begin PBXContainerItemProxy section */
		C9878CC017543D5500DF7777 /* PBXContainerItemProxy */ = {
			isa = PBXContainerItemProxy;
			containerPortal = C9878CBB17543D5300DF7777 /* SoundCloudAPI.xcodeproj */;
			proxyType = 2;
			remoteGlobalIDString = 94535F86123FAFDF00BD668A;
			remoteInfo = SoundCloudAPI.framework;
		};
		C9878CC217543D5500DF7777 /* PBXContainerItemProxy */ = {
			isa = PBXContainerItemProxy;
			containerPortal = C9878CBB17543D5300DF7777 /* SoundCloudAPI.xcodeproj */;
			proxyType = 2;
			remoteGlobalIDString = D2AAC07E0554694100DB518D;
			remoteInfo = SoundCloudAPI;
		};
		C9878CC917543D8100DF7777 /* PBXContainerItemProxy */ = {
			isa = PBXContainerItemProxy;
			containerPortal = C9878CC417543D8000DF7777 /* OAuth2Client.xcodeproj */;
			proxyType = 2;
			remoteGlobalIDString = 942FFCD612315E0A00E6C65E;
			remoteInfo = OAuth2Client.framework;
		};
		C9878CCB17543D8100DF7777 /* PBXContainerItemProxy */ = {
			isa = PBXContainerItemProxy;
			containerPortal = C9878CC417543D8000DF7777 /* OAuth2Client.xcodeproj */;
			proxyType = 2;
			remoteGlobalIDString = D2AAC07E0554694100DB518D;
			remoteInfo = OAuth2Client;
		};
		C9878CCD17543E0500DF7777 /* PBXContainerItemProxy */ = {
			isa = PBXContainerItemProxy;
			containerPortal = C9878CC417543D8000DF7777 /* OAuth2Client.xcodeproj */;
			proxyType = 1;
			remoteGlobalIDString = D2AAC07D0554694100DB518D;
			remoteInfo = OAuth2Client;
		};
		C9878CCF17543E0A00DF7777 /* PBXContainerItemProxy */ = {
			isa = PBXContainerItemProxy;
			containerPortal = C9878CBB17543D5300DF7777 /* SoundCloudAPI.xcodeproj */;
			proxyType = 1;
			remoteGlobalIDString = D2AAC07D0554694100DB518D;
			remoteInfo = SoundCloudAPI;
		};
		C9878CD8175441C000DF7777 /* PBXContainerItemProxy */ = {
			isa = PBXContainerItemProxy;
			containerPortal = C9878CD3175441C000DF7777 /* SoundCloudUI.xcodeproj */;
			proxyType = 2;
			remoteGlobalIDString = F6EF8C6113F929D700B20B40;
			remoteInfo = libSoundCloudUI;
		};
		C9878CDA175441C000DF7777 /* PBXContainerItemProxy */ = {
			isa = PBXContainerItemProxy;
			containerPortal = C9878CD3175441C000DF7777 /* SoundCloudUI.xcodeproj */;
			proxyType = 2;
			remoteGlobalIDString = F62E0CE5148FB27100BE8F14;
			remoteInfo = SoundCloudUI.framework;
		};
		C9878CE0175441CE00DF7777 /* PBXContainerItemProxy */ = {
			isa = PBXContainerItemProxy;
			containerPortal = C9878CDC175441CE00DF7777 /* OHAttributedLabel.xcodeproj */;
			proxyType = 2;
			remoteGlobalIDString = F62728FA148F70DF00314599;
			remoteInfo = OHAttributedLabel;
		};
		C9878CE7175441DD00DF7777 /* PBXContainerItemProxy */ = {
			isa = PBXContainerItemProxy;
			containerPortal = C9878CE2175441DC00DF7777 /* JSONKit.xcodeproj */;
			proxyType = 2;
			remoteGlobalIDString = F6803523148F6D22008A51BA;
			remoteInfo = libJSONKit;
		};
		C9878CE9175441DD00DF7777 /* PBXContainerItemProxy */ = {
			isa = PBXContainerItemProxy;
			containerPortal = C9878CE2175441DC00DF7777 /* JSONKit.xcodeproj */;
			proxyType = 2;
			remoteGlobalIDString = F6AE0202148F825C0004909F;
			remoteInfo = JSONKit.framework;
		};
		C9878CEB175441EA00DF7777 /* PBXContainerItemProxy */ = {
			isa = PBXContainerItemProxy;
			containerPortal = C9878CD3175441C000DF7777 /* SoundCloudUI.xcodeproj */;
			proxyType = 1;
			remoteGlobalIDString = F6EF8C6013F929D700B20B40;
			remoteInfo = libSoundCloudUI;
		};
		C9878CED175441EE00DF7777 /* PBXContainerItemProxy */ = {
			isa = PBXContainerItemProxy;
			containerPortal = C9878CDC175441CE00DF7777 /* OHAttributedLabel.xcodeproj */;
			proxyType = 1;
			remoteGlobalIDString = F62728F9148F70DF00314599;
			remoteInfo = OHAttributedLabel;
		};
		C9878CEF175441F300DF7777 /* PBXContainerItemProxy */ = {
			isa = PBXContainerItemProxy;
			containerPortal = C9878CE2175441DC00DF7777 /* JSONKit.xcodeproj */;
			proxyType = 1;
			remoteGlobalIDString = F6803522148F6D22008A51BA;
			remoteInfo = libJSONKit;
		};
/* End PBXContainerItemProxy section */

/* Begin PBXFileReference section */
		C92728B615605E120076E0CE /* blogio.app */ = {isa = PBXFileReference; explicitFileType = wrapper.application; includeInIndex = 0; path = blogio.app; sourceTree = BUILT_PRODUCTS_DIR; };
		C92728BA15605E120076E0CE /* UIKit.framework */ = {isa = PBXFileReference; lastKnownFileType = wrapper.framework; name = UIKit.framework; path = System/Library/Frameworks/UIKit.framework; sourceTree = SDKROOT; };
		C92728BC15605E120076E0CE /* Foundation.framework */ = {isa = PBXFileReference; lastKnownFileType = wrapper.framework; name = Foundation.framework; path = System/Library/Frameworks/Foundation.framework; sourceTree = SDKROOT; };
		C92728BE15605E120076E0CE /* CoreGraphics.framework */ = {isa = PBXFileReference; lastKnownFileType = wrapper.framework; name = CoreGraphics.framework; path = System/Library/Frameworks/CoreGraphics.framework; sourceTree = SDKROOT; };
		C92728C215605E130076E0CE /* blogio-Info.plist */ = {isa = PBXFileReference; lastKnownFileType = text.plist.xml; path = "blogio-Info.plist"; sourceTree = "<group>"; };
		C92728C415605E130076E0CE /* en */ = {isa = PBXFileReference; lastKnownFileType = text.plist.strings; name = en; path = en.lproj/InfoPlist.strings; sourceTree = "<group>"; };
		C92728C615605E130076E0CE /* main.m */ = {isa = PBXFileReference; lastKnownFileType = sourcecode.c.objc; path = main.m; sourceTree = "<group>"; };
		C92728C815605E130076E0CE /* blogio-Prefix.pch */ = {isa = PBXFileReference; lastKnownFileType = sourcecode.c.h; path = "blogio-Prefix.pch"; sourceTree = "<group>"; };
		C92728C915605E130076E0CE /* BIOAppDelegate.h */ = {isa = PBXFileReference; lastKnownFileType = sourcecode.c.h; path = BIOAppDelegate.h; sourceTree = "<group>"; };
		C92728CA15605E130076E0CE /* BIOAppDelegate.m */ = {isa = PBXFileReference; lastKnownFileType = sourcecode.c.objc; path = BIOAppDelegate.m; sourceTree = "<group>"; };
		C92728CD15605E130076E0CE /* en */ = {isa = PBXFileReference; lastKnownFileType = file.storyboard; name = en; path = en.lproj/MainStoryboard_iPhone.storyboard; sourceTree = "<group>"; };
		C92728D015605E130076E0CE /* en */ = {isa = PBXFileReference; lastKnownFileType = file.storyboard; name = en; path = en.lproj/MainStoryboard_iPad.storyboard; sourceTree = "<group>"; };
		C92728D215605E130076E0CE /* BIOWeekViewController.h */ = {isa = PBXFileReference; lastKnownFileType = sourcecode.c.h; path = BIOWeekViewController.h; sourceTree = "<group>"; };
		C92728D315605E130076E0CE /* BIOWeekViewController.m */ = {isa = PBXFileReference; lastKnownFileType = sourcecode.c.objc; path = BIOWeekViewController.m; sourceTree = "<group>"; };
		C959233016988AED008C99CE /* BIODay.h */ = {isa = PBXFileReference; fileEncoding = 4; lastKnownFileType = sourcecode.c.h; path = BIODay.h; sourceTree = "<group>"; };
		C959233116988AED008C99CE /* BIODay.m */ = {isa = PBXFileReference; fileEncoding = 4; lastKnownFileType = sourcecode.c.objc; path = BIODay.m; sourceTree = "<group>"; };
		C959233316989B9C008C99CE /* BIOTrackCollection.h */ = {isa = PBXFileReference; fileEncoding = 4; lastKnownFileType = sourcecode.c.h; path = BIOTrackCollection.h; sourceTree = "<group>"; };
		C959233416989B9D008C99CE /* BIOTrackCollection.m */ = {isa = PBXFileReference; fileEncoding = 4; lastKnownFileType = sourcecode.c.objc; path = BIOTrackCollection.m; sourceTree = "<group>"; };
		C9878CBB17543D5300DF7777 /* SoundCloudAPI.xcodeproj */ = {isa = PBXFileReference; lastKnownFileType = "wrapper.pb-project"; name = SoundCloudAPI.xcodeproj; path = lib/CocoaSoundCloudAPI/SoundCloudAPI.xcodeproj; sourceTree = "<group>"; };
		C9878CC417543D8000DF7777 /* OAuth2Client.xcodeproj */ = {isa = PBXFileReference; lastKnownFileType = "wrapper.pb-project"; name = OAuth2Client.xcodeproj; path = lib/OAuth2Client/OAuth2Client.xcodeproj; sourceTree = "<group>"; };
		C9878CD3175441C000DF7777 /* SoundCloudUI.xcodeproj */ = {isa = PBXFileReference; lastKnownFileType = "wrapper.pb-project"; name = SoundCloudUI.xcodeproj; path = lib/CocoaSoundCloudUI/SoundCloudUI.xcodeproj; sourceTree = "<group>"; };
		C9878CDC175441CE00DF7777 /* OHAttributedLabel.xcodeproj */ = {isa = PBXFileReference; lastKnownFileType = "wrapper.pb-project"; name = OHAttributedLabel.xcodeproj; path = lib/OHAttributedLabel/OHAttributedLabel.xcodeproj; sourceTree = "<group>"; };
		C9878CE2175441DC00DF7777 /* JSONKit.xcodeproj */ = {isa = PBXFileReference; lastKnownFileType = "wrapper.pb-project"; name = JSONKit.xcodeproj; path = lib/JSONKit/JSONKit.xcodeproj; sourceTree = "<group>"; };
		C9878CF41754424900DF7777 /* AddressBook.framework */ = {isa = PBXFileReference; lastKnownFileType = wrapper.framework; name = AddressBook.framework; path = System/Library/Frameworks/AddressBook.framework; sourceTree = SDKROOT; };
		C9878CF51754424900DF7777 /* AddressBookUI.framework */ = {isa = PBXFileReference; lastKnownFileType = wrapper.framework; name = AddressBookUI.framework; path = System/Library/Frameworks/AddressBookUI.framework; sourceTree = SDKROOT; };
		C9878CF61754424900DF7777 /* CoreLocation.framework */ = {isa = PBXFileReference; lastKnownFileType = wrapper.framework; name = CoreLocation.framework; path = System/Library/Frameworks/CoreLocation.framework; sourceTree = SDKROOT; };
		C9878CF71754424900DF7777 /* CoreText.framework */ = {isa = PBXFileReference; lastKnownFileType = wrapper.framework; name = CoreText.framework; path = System/Library/Frameworks/CoreText.framework; sourceTree = SDKROOT; };
		C9878CF81754424900DF7777 /* QuartzCore.framework */ = {isa = PBXFileReference; lastKnownFileType = wrapper.framework; name = QuartzCore.framework; path = System/Library/Frameworks/QuartzCore.framework; sourceTree = SDKROOT; };
		C9878CF91754424900DF7777 /* Security.framework */ = {isa = PBXFileReference; lastKnownFileType = wrapper.framework; name = Security.framework; path = System/Library/Frameworks/Security.framework; sourceTree = SDKROOT; };
		C9878D03175443DE00DF7777 /* BIOSoundCloudTrack.h */ = {isa = PBXFileReference; fileEncoding = 4; lastKnownFileType = sourcecode.c.h; path = BIOSoundCloudTrack.h; sourceTree = "<group>"; };
		C9878D04175443DE00DF7777 /* BIOSoundCloudTrack.m */ = {isa = PBXFileReference; fileEncoding = 4; lastKnownFileType = sourcecode.c.objc; path = BIOSoundCloudTrack.m; sourceTree = "<group>"; };
		C9878D061754468B00DF7777 /* BIOTrack.h */ = {isa = PBXFileReference; lastKnownFileType = sourcecode.c.h; path = BIOTrack.h; sourceTree = "<group>"; };
		C988394E1714FB7600C2E5A1 /* BIOTrackDownloader.h */ = {isa = PBXFileReference; fileEncoding = 4; lastKnownFileType = sourcecode.c.h; path = BIOTrackDownloader.h; sourceTree = "<group>"; };
		C988394F1714FB7600C2E5A1 /* BIOTrackDownloader.m */ = {isa = PBXFileReference; fileEncoding = 4; lastKnownFileType = sourcecode.c.objc; path = BIOTrackDownloader.m; sourceTree = "<group>"; };
		C9DAACEE16628C760060CDCA /* MWFeedInfo.h */ = {isa = PBXFileReference; fileEncoding = 4; lastKnownFileType = sourcecode.c.h; name = MWFeedInfo.h; path = lib/MWFeedParser/Classes/MWFeedInfo.h; sourceTree = "<group>"; };
		C9DAACEF16628C760060CDCA /* MWFeedInfo.m */ = {isa = PBXFileReference; fileEncoding = 4; lastKnownFileType = sourcecode.c.objc; name = MWFeedInfo.m; path = lib/MWFeedParser/Classes/MWFeedInfo.m; sourceTree = "<group>"; };
		C9DAACF016628C760060CDCA /* MWFeedItem.h */ = {isa = PBXFileReference; fileEncoding = 4; lastKnownFileType = sourcecode.c.h; name = MWFeedItem.h; path = lib/MWFeedParser/Classes/MWFeedItem.h; sourceTree = "<group>"; };
		C9DAACF116628C760060CDCA /* MWFeedItem.m */ = {isa = PBXFileReference; fileEncoding = 4; lastKnownFileType = sourcecode.c.objc; name = MWFeedItem.m; path = lib/MWFeedParser/Classes/MWFeedItem.m; sourceTree = "<group>"; };
		C9DAACF216628C760060CDCA /* MWFeedParser_Private.h */ = {isa = PBXFileReference; fileEncoding = 4; lastKnownFileType = sourcecode.c.h; name = MWFeedParser_Private.h; path = lib/MWFeedParser/Classes/MWFeedParser_Private.h; sourceTree = "<group>"; };
		C9DAACF316628C760060CDCA /* MWFeedParser.h */ = {isa = PBXFileReference; fileEncoding = 4; lastKnownFileType = sourcecode.c.h; name = MWFeedParser.h; path = lib/MWFeedParser/Classes/MWFeedParser.h; sourceTree = "<group>"; };
		C9DAACF416628C760060CDCA /* MWFeedParser.m */ = {isa = PBXFileReference; fileEncoding = 4; lastKnownFileType = sourcecode.c.objc; name = MWFeedParser.m; path = lib/MWFeedParser/Classes/MWFeedParser.m; sourceTree = "<group>"; };
		C9DAACF816628CB20060CDCA /* GTMNSString+HTML.h */ = {isa = PBXFileReference; fileEncoding = 4; lastKnownFileType = sourcecode.c.h; name = "GTMNSString+HTML.h"; path = "lib/MWFeedParser/Classes/GTMNSString+HTML.h"; sourceTree = "<group>"; };
		C9DAACF916628CB20060CDCA /* GTMNSString+HTML.m */ = {isa = PBXFileReference; fileEncoding = 4; lastKnownFileType = sourcecode.c.objc; name = "GTMNSString+HTML.m"; path = "lib/MWFeedParser/Classes/GTMNSString+HTML.m"; sourceTree = "<group>"; };
		C9DAACFA16628CB20060CDCA /* NSDate+InternetDateTime.h */ = {isa = PBXFileReference; fileEncoding = 4; lastKnownFileType = sourcecode.c.h; name = "NSDate+InternetDateTime.h"; path = "lib/MWFeedParser/Classes/NSDate+InternetDateTime.h"; sourceTree = "<group>"; };
		C9DAACFB16628CB20060CDCA /* NSDate+InternetDateTime.m */ = {isa = PBXFileReference; fileEncoding = 4; lastKnownFileType = sourcecode.c.objc; name = "NSDate+InternetDateTime.m"; path = "lib/MWFeedParser/Classes/NSDate+InternetDateTime.m"; sourceTree = "<group>"; };
		C9DAACFC16628CB20060CDCA /* NSString+HTML.h */ = {isa = PBXFileReference; fileEncoding = 4; lastKnownFileType = sourcecode.c.h; name = "NSString+HTML.h"; path = "lib/MWFeedParser/Classes/NSString+HTML.h"; sourceTree = "<group>"; };
		C9DAACFD16628CB20060CDCA /* NSString+HTML.m */ = {isa = PBXFileReference; fileEncoding = 4; lastKnownFileType = sourcecode.c.objc; name = "NSString+HTML.m"; path = "lib/MWFeedParser/Classes/NSString+HTML.m"; sourceTree = "<group>"; };
		C9DAAD0116628CE90060CDCA /* NSString+XMLEntities.h */ = {isa = PBXFileReference; fileEncoding = 4; lastKnownFileType = sourcecode.c.h; name = "NSString+XMLEntities.h"; path = "lib/MWFeedParser/Classes/NSString+XMLEntities.h"; sourceTree = "<group>"; };
		C9DAAD0216628CE90060CDCA /* NSString+XMLEntities.m */ = {isa = PBXFileReference; fileEncoding = 4; lastKnownFileType = sourcecode.c.objc; name = "NSString+XMLEntities.m"; path = "lib/MWFeedParser/Classes/NSString+XMLEntities.m"; sourceTree = "<group>"; };
		C9EAF6AE16F639440055BA04 /* TFHpple.h */ = {isa = PBXFileReference; fileEncoding = 4; lastKnownFileType = sourcecode.c.h; name = TFHpple.h; path = lib/hpple/TFHpple.h; sourceTree = "<group>"; };
		C9EAF6AF16F639440055BA04 /* TFHpple.m */ = {isa = PBXFileReference; fileEncoding = 4; lastKnownFileType = sourcecode.c.objc; name = TFHpple.m; path = lib/hpple/TFHpple.m; sourceTree = "<group>"; };
		C9EAF6B016F639440055BA04 /* TFHppleElement.h */ = {isa = PBXFileReference; fileEncoding = 4; lastKnownFileType = sourcecode.c.h; name = TFHppleElement.h; path = lib/hpple/TFHppleElement.h; sourceTree = "<group>"; };
		C9EAF6B116F639440055BA04 /* TFHppleElement.m */ = {isa = PBXFileReference; fileEncoding = 4; lastKnownFileType = sourcecode.c.objc; name = TFHppleElement.m; path = lib/hpple/TFHppleElement.m; sourceTree = "<group>"; };
		C9EAF6B416F639600055BA04 /* XPathQuery.h */ = {isa = PBXFileReference; fileEncoding = 4; lastKnownFileType = sourcecode.c.h; name = XPathQuery.h; path = lib/hpple/XPathQuery.h; sourceTree = "<group>"; };
		C9EAF6B516F639600055BA04 /* XPathQuery.m */ = {isa = PBXFileReference; fileEncoding = 4; lastKnownFileType = sourcecode.c.objc; name = XPathQuery.m; path = lib/hpple/XPathQuery.m; sourceTree = "<group>"; };
		C9EAF6B716F639E60055BA04 /* libxml2.dylib */ = {isa = PBXFileReference; lastKnownFileType = "compiled.mach-o.dylib"; name = libxml2.dylib; path = usr/lib/libxml2.dylib; sourceTree = SDKROOT; };
		C9F3DA7E16E81F4200F15D06 /* BIODayViewController.h */ = {isa = PBXFileReference; fileEncoding = 4; lastKnownFileType = sourcecode.c.h; path = BIODayViewController.h; sourceTree = "<group>"; };
		C9F3DA7F16E81F4200F15D06 /* BIODayViewController.m */ = {isa = PBXFileReference; fileEncoding = 4; lastKnownFileType = sourcecode.c.objc; path = BIODayViewController.m; sourceTree = "<group>"; };
		C9FFB89F1662A9450072CCB6 /* BIOAddFeedViewController.h */ = {isa = PBXFileReference; fileEncoding = 4; lastKnownFileType = sourcecode.c.h; path = BIOAddFeedViewController.h; sourceTree = "<group>"; };
		C9FFB8A01662A9450072CCB6 /* BIOAddFeedViewController.m */ = {isa = PBXFileReference; fileEncoding = 4; lastKnownFileType = sourcecode.c.objc; path = BIOAddFeedViewController.m; sourceTree = "<group>"; };
		C9FFB8A31662B0D80072CCB6 /* BIOFeedCollection.h */ = {isa = PBXFileReference; fileEncoding = 4; lastKnownFileType = sourcecode.c.h; path = BIOFeedCollection.h; sourceTree = "<group>"; };
		C9FFB8A41662B0D80072CCB6 /* BIOFeedCollection.m */ = {isa = PBXFileReference; fileEncoding = 4; lastKnownFileType = sourcecode.c.objc; path = BIOFeedCollection.m; sourceTree = "<group>"; };
		C9FFB8A61662B2070072CCB6 /* BIOFeed.h */ = {isa = PBXFileReference; fileEncoding = 4; lastKnownFileType = sourcecode.c.h; path = BIOFeed.h; sourceTree = "<group>"; };
		C9FFB8A71662B2070072CCB6 /* BIOFeed.m */ = {isa = PBXFileReference; fileEncoding = 4; lastKnownFileType = sourcecode.c.objc; path = BIOFeed.m; sourceTree = "<group>"; };
/* End PBXFileReference section */

/* Begin PBXFrameworksBuildPhase section */
		C92728B315605E120076E0CE /* Frameworks */ = {
			isa = PBXFrameworksBuildPhase;
			buildActionMask = 2147483647;
			files = (
				C9878CFA1754424900DF7777 /* AddressBook.framework in Frameworks */,
				C9878CFB1754424900DF7777 /* AddressBookUI.framework in Frameworks */,
				C9878CFC1754424900DF7777 /* CoreLocation.framework in Frameworks */,
				C9878CFD1754424900DF7777 /* CoreText.framework in Frameworks */,
				C9878CFE1754424900DF7777 /* QuartzCore.framework in Frameworks */,
				C9878CFF1754424900DF7777 /* Security.framework in Frameworks */,
				C92728BF15605E120076E0CE /* CoreGraphics.framework in Frameworks */,
				C9878CF31754422900DF7777 /* libSoundCloudUI.a in Frameworks */,
				C9878CF21754422100DF7777 /* libOHAttributedLabel.a in Frameworks */,
				C9878CF11754421700DF7777 /* libJSONKit.a in Frameworks */,
				C9878CD217543E3B00DF7777 /* libSoundCloudAPI.a in Frameworks */,
				C9878CD117543E1E00DF7777 /* libOAuth2Client.a in Frameworks */,
				C9EAF6B816F639E60055BA04 /* libxml2.dylib in Frameworks */,
				C92728BB15605E120076E0CE /* UIKit.framework in Frameworks */,
				C92728BD15605E120076E0CE /* Foundation.framework in Frameworks */,
			);
			runOnlyForDeploymentPostprocessing = 0;
		};
/* End PBXFrameworksBuildPhase section */

/* Begin PBXGroup section */
		C92728AB15605E120076E0CE = {
			isa = PBXGroup;
			children = (
				C92728C015605E120076E0CE /* blogio */,
				C92728B915605E120076E0CE /* Frameworks */,
				C92728B715605E120076E0CE /* Products */,
			);
			sourceTree = "<group>";
		};
		C92728B715605E120076E0CE /* Products */ = {
			isa = PBXGroup;
			children = (
				C92728B615605E120076E0CE /* blogio.app */,
			);
			name = Products;
			sourceTree = "<group>";
		};
		C92728B915605E120076E0CE /* Frameworks */ = {
			isa = PBXGroup;
			children = (
				C9878CF41754424900DF7777 /* AddressBook.framework */,
				C9878CF51754424900DF7777 /* AddressBookUI.framework */,
				C9878CF61754424900DF7777 /* CoreLocation.framework */,
				C9878CF71754424900DF7777 /* CoreText.framework */,
				C9878CF81754424900DF7777 /* QuartzCore.framework */,
				C9878CF91754424900DF7777 /* Security.framework */,
				C9878CE2175441DC00DF7777 /* JSONKit.xcodeproj */,
				C9878CDC175441CE00DF7777 /* OHAttributedLabel.xcodeproj */,
				C9878CD3175441C000DF7777 /* SoundCloudUI.xcodeproj */,
				C9878CC417543D8000DF7777 /* OAuth2Client.xcodeproj */,
				C9878CBB17543D5300DF7777 /* SoundCloudAPI.xcodeproj */,
				C9EAF6B716F639E60055BA04 /* libxml2.dylib */,
				C9EAF6AC16F639130055BA04 /* Hpple */,
				C9DAACE816628B890060CDCA /* MWFeedParser */,
				C92728BA15605E120076E0CE /* UIKit.framework */,
				C92728BC15605E120076E0CE /* Foundation.framework */,
				C92728BE15605E120076E0CE /* CoreGraphics.framework */,
			);
			name = Frameworks;
			sourceTree = "<group>";
		};
		C92728C015605E120076E0CE /* blogio */ = {
			isa = PBXGroup;
			children = (
				C92728C915605E130076E0CE /* BIOAppDelegate.h */,
				C92728CA15605E130076E0CE /* BIOAppDelegate.m */,
				C92728CC15605E130076E0CE /* MainStoryboard_iPhone.storyboard */,
				C92728CF15605E130076E0CE /* MainStoryboard_iPad.storyboard */,
				C92728D215605E130076E0CE /* BIOWeekViewController.h */,
				C92728D315605E130076E0CE /* BIOWeekViewController.m */,
				C92728C115605E130076E0CE /* Supporting Files */,
				C9FFB89F1662A9450072CCB6 /* BIOAddFeedViewController.h */,
				C9FFB8A01662A9450072CCB6 /* BIOAddFeedViewController.m */,
				C9FFB8A31662B0D80072CCB6 /* BIOFeedCollection.h */,
				C9FFB8A41662B0D80072CCB6 /* BIOFeedCollection.m */,
				C9FFB8A61662B2070072CCB6 /* BIOFeed.h */,
				C9FFB8A71662B2070072CCB6 /* BIOFeed.m */,
				C959233016988AED008C99CE /* BIODay.h */,
				C959233116988AED008C99CE /* BIODay.m */,
				C959233316989B9C008C99CE /* BIOTrackCollection.h */,
				C959233416989B9D008C99CE /* BIOTrackCollection.m */,
				C9F3DA7E16E81F4200F15D06 /* BIODayViewController.h */,
				C9F3DA7F16E81F4200F15D06 /* BIODayViewController.m */,
				C988394E1714FB7600C2E5A1 /* BIOTrackDownloader.h */,
				C988394F1714FB7600C2E5A1 /* BIOTrackDownloader.m */,
				C9878D03175443DE00DF7777 /* BIOSoundCloudTrack.h */,
				C9878D04175443DE00DF7777 /* BIOSoundCloudTrack.m */,
				C9878D061754468B00DF7777 /* BIOTrack.h */,
			);
			path = blogio;
			sourceTree = "<group>";
		};
		C92728C115605E130076E0CE /* Supporting Files */ = {
			isa = PBXGroup;
			children = (
				C92728C215605E130076E0CE /* blogio-Info.plist */,
				C92728C315605E130076E0CE /* InfoPlist.strings */,
				C92728C615605E130076E0CE /* main.m */,
				C92728C815605E130076E0CE /* blogio-Prefix.pch */,
			);
			name = "Supporting Files";
			sourceTree = "<group>";
		};
		C9878CBC17543D5300DF7777 /* Products */ = {
			isa = PBXGroup;
			children = (
				C9878CC117543D5500DF7777 /* SoundCloudAPI.framework */,
				C9878CC317543D5500DF7777 /* libSoundCloudAPI.a */,
			);
			name = Products;
			sourceTree = "<group>";
		};
		C9878CC517543D8000DF7777 /* Products */ = {
			isa = PBXGroup;
			children = (
				C9878CCA17543D8100DF7777 /* OAuth2Client.framework */,
				C9878CCC17543D8100DF7777 /* libOAuth2Client.a */,
			);
			name = Products;
			sourceTree = "<group>";
		};
		C9878CD4175441C000DF7777 /* Products */ = {
			isa = PBXGroup;
			children = (
				C9878CD9175441C000DF7777 /* libSoundCloudUI.a */,
				C9878CDB175441C000DF7777 /* SoundCloudUI.framework */,
			);
			name = Products;
			sourceTree = "<group>";
		};
		C9878CDD175441CE00DF7777 /* Products */ = {
			isa = PBXGroup;
			children = (
				C9878CE1175441CE00DF7777 /* libOHAttributedLabel.a */,
			);
			name = Products;
			sourceTree = "<group>";
		};
		C9878CE3175441DC00DF7777 /* Products */ = {
			isa = PBXGroup;
			children = (
				C9878CE8175441DD00DF7777 /* libJSONKit.a */,
				C9878CEA175441DD00DF7777 /* JSONKit.framework */,
			);
			name = Products;
			sourceTree = "<group>";
		};
		C9DAACE816628B890060CDCA /* MWFeedParser */ = {
			isa = PBXGroup;
			children = (
				C9DAAD0116628CE90060CDCA /* NSString+XMLEntities.h */,
				C9DAAD0216628CE90060CDCA /* NSString+XMLEntities.m */,
				C9DAACF816628CB20060CDCA /* GTMNSString+HTML.h */,
				C9DAACF916628CB20060CDCA /* GTMNSString+HTML.m */,
				C9DAACFA16628CB20060CDCA /* NSDate+InternetDateTime.h */,
				C9DAACFB16628CB20060CDCA /* NSDate+InternetDateTime.m */,
				C9DAACFC16628CB20060CDCA /* NSString+HTML.h */,
				C9DAACFD16628CB20060CDCA /* NSString+HTML.m */,
				C9DAACEE16628C760060CDCA /* MWFeedInfo.h */,
				C9DAACEF16628C760060CDCA /* MWFeedInfo.m */,
				C9DAACF016628C760060CDCA /* MWFeedItem.h */,
				C9DAACF116628C760060CDCA /* MWFeedItem.m */,
				C9DAACF216628C760060CDCA /* MWFeedParser_Private.h */,
				C9DAACF316628C760060CDCA /* MWFeedParser.h */,
				C9DAACF416628C760060CDCA /* MWFeedParser.m */,
			);
			name = MWFeedParser;
			sourceTree = "<group>";
		};
		C9EAF6AC16F639130055BA04 /* Hpple */ = {
			isa = PBXGroup;
			children = (
				C9EAF6AE16F639440055BA04 /* TFHpple.h */,
				C9EAF6AF16F639440055BA04 /* TFHpple.m */,
				C9EAF6B016F639440055BA04 /* TFHppleElement.h */,
				C9EAF6B116F639440055BA04 /* TFHppleElement.m */,
				C9EAF6AD16F639210055BA04 /* XPath */,
			);
			name = Hpple;
			sourceTree = "<group>";
		};
		C9EAF6AD16F639210055BA04 /* XPath */ = {
			isa = PBXGroup;
			children = (
				C9EAF6B416F639600055BA04 /* XPathQuery.h */,
				C9EAF6B516F639600055BA04 /* XPathQuery.m */,
			);
			name = XPath;
			sourceTree = "<group>";
		};
/* End PBXGroup section */

/* Begin PBXNativeTarget section */
		C92728B515605E120076E0CE /* blogio */ = {
			isa = PBXNativeTarget;
			buildConfigurationList = C92728E215605E130076E0CE /* Build configuration list for PBXNativeTarget "blogio" */;
			buildPhases = (
				C92728B215605E120076E0CE /* Sources */,
				C92728B315605E120076E0CE /* Frameworks */,
				C92728B415605E120076E0CE /* Resources */,
			);
			buildRules = (
			);
			dependencies = (
				C9878CF0175441F300DF7777 /* PBXTargetDependency */,
				C9878CEE175441EE00DF7777 /* PBXTargetDependency */,
				C9878CEC175441EA00DF7777 /* PBXTargetDependency */,
				C9878CD017543E0A00DF7777 /* PBXTargetDependency */,
				C9878CCE17543E0500DF7777 /* PBXTargetDependency */,
			);
			name = blogio;
			productName = blogio;
			productReference = C92728B615605E120076E0CE /* blogio.app */;
			productType = "com.apple.product-type.application";
		};
/* End PBXNativeTarget section */

/* Begin PBXProject section */
		C92728AD15605E120076E0CE /* Project object */ = {
			isa = PBXProject;
			attributes = {
				CLASSPREFIX = BIO;
				LastUpgradeCheck = 0460;
			};
			buildConfigurationList = C92728B015605E120076E0CE /* Build configuration list for PBXProject "blogio" */;
			compatibilityVersion = "Xcode 3.2";
			developmentRegion = English;
			hasScannedForEncodings = 0;
			knownRegions = (
				en,
			);
			mainGroup = C92728AB15605E120076E0CE;
			productRefGroup = C92728B715605E120076E0CE /* Products */;
			projectDirPath = "";
			projectReferences = (
				{
					ProductGroup = C9878CE3175441DC00DF7777 /* Products */;
					ProjectRef = C9878CE2175441DC00DF7777 /* JSONKit.xcodeproj */;
				},
				{
					ProductGroup = C9878CC517543D8000DF7777 /* Products */;
					ProjectRef = C9878CC417543D8000DF7777 /* OAuth2Client.xcodeproj */;
				},
				{
					ProductGroup = C9878CDD175441CE00DF7777 /* Products */;
					ProjectRef = C9878CDC175441CE00DF7777 /* OHAttributedLabel.xcodeproj */;
				},
				{
					ProductGroup = C9878CBC17543D5300DF7777 /* Products */;
					ProjectRef = C9878CBB17543D5300DF7777 /* SoundCloudAPI.xcodeproj */;
				},
				{
					ProductGroup = C9878CD4175441C000DF7777 /* Products */;
					ProjectRef = C9878CD3175441C000DF7777 /* SoundCloudUI.xcodeproj */;
				},
			);
			projectRoot = "";
			targets = (
				C92728B515605E120076E0CE /* blogio */,
			);
		};
/* End PBXProject section */

/* Begin PBXReferenceProxy section */
		C9878CC117543D5500DF7777 /* SoundCloudAPI.framework */ = {
			isa = PBXReferenceProxy;
			fileType = wrapper.framework;
			path = SoundCloudAPI.framework;
			remoteRef = C9878CC017543D5500DF7777 /* PBXContainerItemProxy */;
			sourceTree = BUILT_PRODUCTS_DIR;
		};
		C9878CC317543D5500DF7777 /* libSoundCloudAPI.a */ = {
			isa = PBXReferenceProxy;
			fileType = archive.ar;
			path = libSoundCloudAPI.a;
			remoteRef = C9878CC217543D5500DF7777 /* PBXContainerItemProxy */;
			sourceTree = BUILT_PRODUCTS_DIR;
		};
		C9878CCA17543D8100DF7777 /* OAuth2Client.framework */ = {
			isa = PBXReferenceProxy;
			fileType = wrapper.framework;
			path = OAuth2Client.framework;
			remoteRef = C9878CC917543D8100DF7777 /* PBXContainerItemProxy */;
			sourceTree = BUILT_PRODUCTS_DIR;
		};
		C9878CCC17543D8100DF7777 /* libOAuth2Client.a */ = {
			isa = PBXReferenceProxy;
			fileType = archive.ar;
			path = libOAuth2Client.a;
			remoteRef = C9878CCB17543D8100DF7777 /* PBXContainerItemProxy */;
			sourceTree = BUILT_PRODUCTS_DIR;
		};
		C9878CD9175441C000DF7777 /* libSoundCloudUI.a */ = {
			isa = PBXReferenceProxy;
			fileType = archive.ar;
			path = libSoundCloudUI.a;
			remoteRef = C9878CD8175441C000DF7777 /* PBXContainerItemProxy */;
			sourceTree = BUILT_PRODUCTS_DIR;
		};
		C9878CDB175441C000DF7777 /* SoundCloudUI.framework */ = {
			isa = PBXReferenceProxy;
			fileType = wrapper.framework;
			path = SoundCloudUI.framework;
			remoteRef = C9878CDA175441C000DF7777 /* PBXContainerItemProxy */;
			sourceTree = BUILT_PRODUCTS_DIR;
		};
		C9878CE1175441CE00DF7777 /* libOHAttributedLabel.a */ = {
			isa = PBXReferenceProxy;
			fileType = archive.ar;
			path = libOHAttributedLabel.a;
			remoteRef = C9878CE0175441CE00DF7777 /* PBXContainerItemProxy */;
			sourceTree = BUILT_PRODUCTS_DIR;
		};
		C9878CE8175441DD00DF7777 /* libJSONKit.a */ = {
			isa = PBXReferenceProxy;
			fileType = archive.ar;
			path = libJSONKit.a;
			remoteRef = C9878CE7175441DD00DF7777 /* PBXContainerItemProxy */;
			sourceTree = BUILT_PRODUCTS_DIR;
		};
		C9878CEA175441DD00DF7777 /* JSONKit.framework */ = {
			isa = PBXReferenceProxy;
			fileType = wrapper.framework;
			path = JSONKit.framework;
			remoteRef = C9878CE9175441DD00DF7777 /* PBXContainerItemProxy */;
			sourceTree = BUILT_PRODUCTS_DIR;
		};
/* End PBXReferenceProxy section */

/* Begin PBXResourcesBuildPhase section */
		C92728B415605E120076E0CE /* Resources */ = {
			isa = PBXResourcesBuildPhase;
			buildActionMask = 2147483647;
			files = (
				C92728C515605E130076E0CE /* InfoPlist.strings in Resources */,
				C92728CE15605E130076E0CE /* MainStoryboard_iPhone.storyboard in Resources */,
				C92728D115605E130076E0CE /* MainStoryboard_iPad.storyboard in Resources */,
			);
			runOnlyForDeploymentPostprocessing = 0;
		};
/* End PBXResourcesBuildPhase section */

/* Begin PBXSourcesBuildPhase section */
		C92728B215605E120076E0CE /* Sources */ = {
			isa = PBXSourcesBuildPhase;
			buildActionMask = 2147483647;
			files = (
				C92728C715605E130076E0CE /* main.m in Sources */,
				C92728CB15605E130076E0CE /* BIOAppDelegate.m in Sources */,
				C92728D415605E130076E0CE /* BIOWeekViewController.m in Sources */,
				C9DAACF516628C760060CDCA /* MWFeedInfo.m in Sources */,
				C9DAACF616628C760060CDCA /* MWFeedItem.m in Sources */,
				C9DAACF716628C760060CDCA /* MWFeedParser.m in Sources */,
				C9DAACFE16628CB20060CDCA /* GTMNSString+HTML.m in Sources */,
				C9DAACFF16628CB20060CDCA /* NSDate+InternetDateTime.m in Sources */,
				C9DAAD0016628CB20060CDCA /* NSString+HTML.m in Sources */,
				C9DAAD0316628CE90060CDCA /* NSString+XMLEntities.m in Sources */,
				C9FFB8A11662A9450072CCB6 /* BIOAddFeedViewController.m in Sources */,
				C9FFB8A51662B0D80072CCB6 /* BIOFeedCollection.m in Sources */,
				C9FFB8A81662B2080072CCB6 /* BIOFeed.m in Sources */,
				C959233216988AEE008C99CE /* BIODay.m in Sources */,
				C959233516989B9D008C99CE /* BIOTrackCollection.m in Sources */,
				C9F3DA8016E81F4200F15D06 /* BIODayViewController.m in Sources */,
				C9EAF6B216F639440055BA04 /* TFHpple.m in Sources */,
				C9EAF6B316F639440055BA04 /* TFHppleElement.m in Sources */,
				C9EAF6B616F639600055BA04 /* XPathQuery.m in Sources */,
				C98839501714FB7600C2E5A1 /* BIOTrackDownloader.m in Sources */,
				C9878D05175443DE00DF7777 /* BIOSoundCloudTrack.m in Sources */,
			);
			runOnlyForDeploymentPostprocessing = 0;
		};
/* End PBXSourcesBuildPhase section */

/* Begin PBXTargetDependency section */
		C9878CCE17543E0500DF7777 /* PBXTargetDependency */ = {
			isa = PBXTargetDependency;
			name = OAuth2Client;
			targetProxy = C9878CCD17543E0500DF7777 /* PBXContainerItemProxy */;
		};
		C9878CD017543E0A00DF7777 /* PBXTargetDependency */ = {
			isa = PBXTargetDependency;
			name = SoundCloudAPI;
			targetProxy = C9878CCF17543E0A00DF7777 /* PBXContainerItemProxy */;
		};
		C9878CEC175441EA00DF7777 /* PBXTargetDependency */ = {
			isa = PBXTargetDependency;
			name = libSoundCloudUI;
			targetProxy = C9878CEB175441EA00DF7777 /* PBXContainerItemProxy */;
		};
		C9878CEE175441EE00DF7777 /* PBXTargetDependency */ = {
			isa = PBXTargetDependency;
			name = OHAttributedLabel;
			targetProxy = C9878CED175441EE00DF7777 /* PBXContainerItemProxy */;
		};
		C9878CF0175441F300DF7777 /* PBXTargetDependency */ = {
			isa = PBXTargetDependency;
			name = libJSONKit;
			targetProxy = C9878CEF175441F300DF7777 /* PBXContainerItemProxy */;
		};
/* End PBXTargetDependency section */

/* Begin PBXVariantGroup section */
		C92728C315605E130076E0CE /* InfoPlist.strings */ = {
			isa = PBXVariantGroup;
			children = (
				C92728C415605E130076E0CE /* en */,
			);
			name = InfoPlist.strings;
			sourceTree = "<group>";
		};
		C92728CC15605E130076E0CE /* MainStoryboard_iPhone.storyboard */ = {
			isa = PBXVariantGroup;
			children = (
				C92728CD15605E130076E0CE /* en */,
			);
			name = MainStoryboard_iPhone.storyboard;
			sourceTree = "<group>";
		};
		C92728CF15605E130076E0CE /* MainStoryboard_iPad.storyboard */ = {
			isa = PBXVariantGroup;
			children = (
				C92728D015605E130076E0CE /* en */,
			);
			name = MainStoryboard_iPad.storyboard;
			sourceTree = "<group>";
		};
/* End PBXVariantGroup section */

/* Begin XCBuildConfiguration section */
		C92728E015605E130076E0CE /* Debug */ = {
			isa = XCBuildConfiguration;
			buildSettings = {
				ALWAYS_SEARCH_USER_PATHS = NO;
				ARCHS = "$(ARCHS_STANDARD_32_BIT)";
				CLANG_ENABLE_OBJC_ARC = YES;
				CLANG_WARN_CONSTANT_CONVERSION = YES;
				CLANG_WARN_ENUM_CONVERSION = YES;
				CLANG_WARN_INT_CONVERSION = YES;
				CLANG_WARN__DUPLICATE_METHOD_MATCH = YES;
				"CODE_SIGN_IDENTITY[sdk=iphoneos*]" = "iPhone Developer";
				COPY_PHASE_STRIP = NO;
				GCC_C_LANGUAGE_STANDARD = gnu99;
				GCC_DYNAMIC_NO_PIC = NO;
				GCC_OPTIMIZATION_LEVEL = 0;
				GCC_PREPROCESSOR_DEFINITIONS = (
					"DEBUG=1",
					"$(inherited)",
				);
				GCC_SYMBOLS_PRIVATE_EXTERN = NO;
				GCC_VERSION = com.apple.compilers.llvm.clang.1_0;
				GCC_WARN_ABOUT_RETURN_TYPE = YES;
				GCC_WARN_UNINITIALIZED_AUTOS = YES;
				GCC_WARN_UNUSED_VARIABLE = YES;
				IPHONEOS_DEPLOYMENT_TARGET = 5.1;
				"OTHER_LDFLAGS[arch=*]" = (
					"-all_load",
					"-ObjC",
				);
				SDKROOT = iphoneos;
				TARGETED_DEVICE_FAMILY = "1,2";
			};
			name = Debug;
		};
		C92728E115605E130076E0CE /* Release */ = {
			isa = XCBuildConfiguration;
			buildSettings = {
				ALWAYS_SEARCH_USER_PATHS = NO;
				ARCHS = "$(ARCHS_STANDARD_32_BIT)";
				CLANG_ENABLE_OBJC_ARC = YES;
				CLANG_WARN_CONSTANT_CONVERSION = YES;
				CLANG_WARN_ENUM_CONVERSION = YES;
				CLANG_WARN_INT_CONVERSION = YES;
				CLANG_WARN__DUPLICATE_METHOD_MATCH = YES;
				"CODE_SIGN_IDENTITY[sdk=iphoneos*]" = "iPhone Developer";
				COPY_PHASE_STRIP = YES;
				GCC_C_LANGUAGE_STANDARD = gnu99;
				GCC_VERSION = com.apple.compilers.llvm.clang.1_0;
				GCC_WARN_ABOUT_RETURN_TYPE = YES;
				GCC_WARN_UNINITIALIZED_AUTOS = YES;
				GCC_WARN_UNUSED_VARIABLE = YES;
				IPHONEOS_DEPLOYMENT_TARGET = 5.1;
				OTHER_CFLAGS = "-DNS_BLOCK_ASSERTIONS=1";
				"OTHER_LDFLAGS[arch=*]" = (
					"-all_load",
					"-ObjC",
				);
				SDKROOT = iphoneos;
				TARGETED_DEVICE_FAMILY = "1,2";
				VALIDATE_PRODUCT = YES;
			};
			name = Release;
		};
		C92728E315605E130076E0CE /* Debug */ = {
			isa = XCBuildConfiguration;
			buildSettings = {
				GCC_PRECOMPILE_PREFIX_HEADER = YES;
				GCC_PREFIX_HEADER = "blogio/blogio-Prefix.pch";
				HEADER_SEARCH_PATHS = (
					"$(SDKROOT)/usr/include/libxml2",
					"$PROJECT_DIR/lib/**",
				);
				INFOPLIST_FILE = "blogio/blogio-Info.plist";
				PRODUCT_NAME = "$(TARGET_NAME)";
				WRAPPER_EXTENSION = app;
			};
			name = Debug;
		};
		C92728E415605E130076E0CE /* Release */ = {
			isa = XCBuildConfiguration;
			buildSettings = {
				GCC_PRECOMPILE_PREFIX_HEADER = YES;
				GCC_PREFIX_HEADER = "blogio/blogio-Prefix.pch";
				HEADER_SEARCH_PATHS = (
					"$(SDKROOT)/usr/include/libxml2",
					"$PROJECT_DIR/lib/**",
				);
				INFOPLIST_FILE = "blogio/blogio-Info.plist";
				PRODUCT_NAME = "$(TARGET_NAME)";
				WRAPPER_EXTENSION = app;
			};
			name = Release;
		};
/* End XCBuildConfiguration section */

/* Begin XCConfigurationList section */
		C92728B015605E120076E0CE /* Build configuration list for PBXProject "blogio" */ = {
			isa = XCConfigurationList;
			buildConfigurations = (
				C92728E015605E130076E0CE /* Debug */,
				C92728E115605E130076E0CE /* Release */,
			);
			defaultConfigurationIsVisible = 0;
			defaultConfigurationName = Release;
		};
		C92728E215605E130076E0CE /* Build configuration list for PBXNativeTarget "blogio" */ = {
			isa = XCConfigurationList;
			buildConfigurations = (
				C92728E315605E130076E0CE /* Debug */,
				C92728E415605E130076E0CE /* Release */,
			);
			defaultConfigurationIsVisible = 0;
			defaultConfigurationName = Release;
		};
/* End XCConfigurationList section */
	};
	rootObject = C92728AD15605E120076E0CE /* Project object */;
}
